
Microsoft Visual Studio Solution File, Format Version 12.00
# Visual Studio Version 16
VisualStudioVersion = 16.0.30907.101
MinimumVisualStudioVersion = 10.0.40219.1
Project("{2150E333-8FDC-42A3-9474-1A3956D46DE8}") = "1.API", "1.API", "{47CE0759-5DB9-4328-BE76-2C587C4FED31}"
EndProject
Project("{FAE04EC0-301F-11D3-BF4B-00C04F79EFBC}") = "TestAPI.API", "TestAPI\TestAPI.API\TestAPI.API.csproj", "{3B708FFB-4F60-4D9B-B85D-F7634BF92FAD}"
EndProject
Project("{FAE04EC0-301F-11D3-BF4B-00C04F79EFBC}") = "TestAPI.API.Common", "TestAPI\TestAPI.API.Common\TestAPI.API.Common.csproj", "{73B02402-8A9B-4BAE-A385-4A0F197C702F}"
EndProject
Project("{FAE04EC0-301F-11D3-BF4B-00C04F79EFBC}") = "TestAPI.API.DataContracts", "TestAPI\TestAPI.API.DataContracts\TestAPI.API.DataContracts.csproj", "{82BC04CD-E446-420F-B4E9-8D8181FB2802}"
EndProject
Project("{2150E333-8FDC-42A3-9474-1A3956D46DE8}") = "00.Tests", "00.Tests", "{D8175E3C-4D81-44D1-AB0A-CA4AB2B6C1C1}"
EndProject
Project("{FAE04EC0-301F-11D3-BF4B-00C04F79EFBC}") = "TestAPI.API.Tests.Controllers", "TestAPI\TestAPI.API.Tests.Controllers\TestAPI.API.Tests.Controllers.csproj", "{6E505A7C-F09D-4B27-B619-0DF7A7C481F1}"
EndProject
Project("{FAE04EC0-301F-11D3-BF4B-00C04F79EFBC}") = "TestAPI.API.Tests.REST", "TestAPI\TestAPI.API.Tests.REST\TestAPI.API.Tests.REST.csproj", "{1FF847B8-3F75-46F7-8E09-547B1D0BA234}"
EndProject
Project("{2150E333-8FDC-42A3-9474-1A3956D46DE8}") = "01.Common", "01.Common", "{BBE78E53-A62C-45E7-A0D4-6DD2BD2E47F1}"
EndProject
Project("{FAE04EC0-301F-11D3-BF4B-00C04F79EFBC}") = "TestAPI.IoC.Configuration", "TestAPI\TestAPI.IoC.Configuration\TestAPI.IoC.Configuration.csproj", "{57B0205C-9E4A-4EE3-A7CA-EA5255E35682}"
EndProject
Project("{FAE04EC0-301F-11D3-BF4B-00C04F79EFBC}") = "TestAPI.Tools", "TestAPI\TestAPI.Tools\TestAPI.Tools.csproj", "{7F4AE704-A7A3-4210-906E-01E8157AA0BD}"
EndProject
Project("{2150E333-8FDC-42A3-9474-1A3956D46DE8}") = "2.Services", "2.Services", "{E45CB628-3608-493C-9A1F-756154F1DDA3}"
EndProject
Project("{FAE04EC0-301F-11D3-BF4B-00C04F79EFBC}") = "TestAPI.Services", "TestAPI\TestAPI.Services\TestAPI.Services.csproj", "{1DDC8F48-7B3D-4297-8680-A78B35067A92}"
EndProject
Project("{2150E333-8FDC-42A3-9474-1A3956D46DE8}") = "3.Repositories", "3.Repositories", "{1695AB53-FD08-4A14-8C74-A89D10167BE1}"
EndProject
Project("{FAE04EC0-301F-11D3-BF4B-00C04F79EFBC}") = "Repositories", "Repositories\Repositories.csproj", "{49A013A1-4932-4239-9EC0-6B2ABC28995F}"
EndProject
Global
	GlobalSection(SolutionConfigurationPlatforms) = preSolution
		Debug|Any CPU = Debug|Any CPU
		Release|Any CPU = Release|Any CPU
	EndGlobalSection
	GlobalSection(ProjectConfigurationPlatforms) = postSolution
		{3B708FFB-4F60-4D9B-B85D-F7634BF92FAD}.Debug|Any CPU.ActiveCfg = Debug|Any CPU
		{3B708FFB-4F60-4D9B-B85D-F7634BF92FAD}.Debug|Any CPU.Build.0 = Debug|Any CPU
		{3B708FFB-4F60-4D9B-B85D-F7634BF92FAD}.Release|Any CPU.ActiveCfg = Release|Any CPU
		{3B708FFB-4F60-4D9B-B85D-F7634BF92FAD}.Release|Any CPU.Build.0 = Release|Any CPU
		{73B02402-8A9B-4BAE-A385-4A0F197C702F}.Debug|Any CPU.ActiveCfg = Debug|Any CPU
		{73B02402-8A9B-4BAE-A385-4A0F197C702F}.Debug|Any CPU.Build.0 = Debug|Any CPU
		{73B02402-8A9B-4BAE-A385-4A0F197C702F}.Release|Any CPU.ActiveCfg = Release|Any CPU
		{73B02402-8A9B-4BAE-A385-4A0F197C702F}.Release|Any CPU.Build.0 = Release|Any CPU
		{82BC04CD-E446-420F-B4E9-8D8181FB2802}.Debug|Any CPU.ActiveCfg = Debug|Any CPU
		{82BC04CD-E446-420F-B4E9-8D8181FB2802}.Debug|Any CPU.Build.0 = Debug|Any CPU
		{82BC04CD-E446-420F-B4E9-8D8181FB2802}.Release|Any CPU.ActiveCfg = Release|Any CPU
		{82BC04CD-E446-420F-B4E9-8D8181FB2802}.Release|Any CPU.Build.0 = Release|Any CPU
		{6E505A7C-F09D-4B27-B619-0DF7A7C481F1}.Debug|Any CPU.ActiveCfg = Debug|Any CPU
		{6E505A7C-F09D-4B27-B619-0DF7A7C481F1}.Debug|Any CPU.Build.0 = Debug|Any CPU
		{6E505A7C-F09D-4B27-B619-0DF7A7C481F1}.Release|Any CPU.ActiveCfg = Release|Any CPU
		{6E505A7C-F09D-4B27-B619-0DF7A7C481F1}.Release|Any CPU.Build.0 = Release|Any CPU
		{1FF847B8-3F75-46F7-8E09-547B1D0BA234}.Debug|Any CPU.ActiveCfg = Debug|Any CPU
		{1FF847B8-3F75-46F7-8E09-547B1D0BA234}.Debug|Any CPU.Build.0 = Debug|Any CPU
		{1FF847B8-3F75-46F7-8E09-547B1D0BA234}.Release|Any CPU.ActiveCfg = Release|Any CPU
		{1FF847B8-3F75-46F7-8E09-547B1D0BA234}.Release|Any CPU.Build.0 = Release|Any CPU
		{57B0205C-9E4A-4EE3-A7CA-EA5255E35682}.Debug|Any CPU.ActiveCfg = Debug|Any CPU
		{57B0205C-9E4A-4EE3-A7CA-EA5255E35682}.Debug|Any CPU.Build.0 = Debug|Any CPU
		{57B0205C-9E4A-4EE3-A7CA-EA5255E35682}.Release|Any CPU.ActiveCfg = Release|Any CPU
		{57B0205C-9E4A-4EE3-A7CA-EA5255E35682}.Release|Any CPU.Build.0 = Release|Any CPU
		{7F4AE704-A7A3-4210-906E-01E8157AA0BD}.Debug|Any CPU.ActiveCfg = Debug|Any CPU
		{7F4AE704-A7A3-4210-906E-01E8157AA0BD}.Debug|Any CPU.Build.0 = Debug|Any CPU
		{7F4AE704-A7A3-4210-906E-01E8157AA0BD}.Release|Any CPU.ActiveCfg = Release|Any CPU
		{7F4AE704-A7A3-4210-906E-01E8157AA0BD}.Release|Any CPU.Build.0 = Release|Any CPU
		{1DDC8F48-7B3D-4297-8680-A78B35067A92}.Debug|Any CPU.ActiveCfg = Debug|Any CPU
		{1DDC8F48-7B3D-4297-8680-A78B35067A92}.Debug|Any CPU.Build.0 = Debug|Any CPU
		{1DDC8F48-7B3D-4297-8680-A78B35067A92}.Release|Any CPU.ActiveCfg = Release|Any CPU
		{1DDC8F48-7B3D-4297-8680-A78B35067A92}.Release|Any CPU.Build.0 = Release|Any CPU
		{49A013A1-4932-4239-9EC0-6B2ABC28995F}.Debug|Any CPU.ActiveCfg = Debug|Any CPU
		{49A013A1-4932-4239-9EC0-6B2ABC28995F}.Debug|Any CPU.Build.0 = Debug|Any CPU
		{49A013A1-4932-4239-9EC0-6B2ABC28995F}.Release|Any CPU.ActiveCfg = Release|Any CPU
		{49A013A1-4932-4239-9EC0-6B2ABC28995F}.Release|Any CPU.Build.0 = Release|Any CPU
	EndGlobalSection
	GlobalSection(SolutionProperties) = preSolution
		HideSolutionNode = FALSE
	EndGlobalSection
	GlobalSection(NestedProjects) = preSolution
		{3B708FFB-4F60-4D9B-B85D-F7634BF92FAD} = {47CE0759-5DB9-4328-BE76-2C587C4FED31}
		{73B02402-8A9B-4BAE-A385-4A0F197C702F} = {47CE0759-5DB9-4328-BE76-2C587C4FED31}
		{82BC04CD-E446-420F-B4E9-8D8181FB2802} = {47CE0759-5DB9-4328-BE76-2C587C4FED31}
		{6E505A7C-F09D-4B27-B619-0DF7A7C481F1} = {D8175E3C-4D81-44D1-AB0A-CA4AB2B6C1C1}
		{1FF847B8-3F75-46F7-8E09-547B1D0BA234} = {D8175E3C-4D81-44D1-AB0A-CA4AB2B6C1C1}
		{57B0205C-9E4A-4EE3-A7CA-EA5255E35682} = {BBE78E53-A62C-45E7-A0D4-6DD2BD2E47F1}
		{7F4AE704-A7A3-4210-906E-01E8157AA0BD} = {BBE78E53-A62C-45E7-A0D4-6DD2BD2E47F1}
		{1DDC8F48-7B3D-4297-8680-A78B35067A92} = {E45CB628-3608-493C-9A1F-756154F1DDA3}
		{49A013A1-4932-4239-9EC0-6B2ABC28995F} = {1695AB53-FD08-4A14-8C74-A89D10167BE1}
	EndGlobalSection
	GlobalSection(ExtensibilityGlobals) = postSolution
		SolutionGuid = {19AD3FD3-65CD-4662-ABC1-4DBE84A3BA81}
	EndGlobalSection
EndGlobal
